
Microsoft Visual Studio Solution File, Format Version 12.00
# Visual Studio 14
VisualStudioVersion = 14.0.25420.1
MinimumVisualStudioVersion = 10.0.40219.1
Project("{8BC9CEB8-8B4A-11D0-8D11-00A0C91BC942}") = "Blink", "Blink.vcxproj", "{841E652F-101A-469A-B44C-2CF7D90758B4}"
EndProject
Global
	GlobalSection(SolutionConfigurationPlatforms) = preSolution
		Debug|ARM = Debug|ARM
		Release|ARM = Release|ARM
	EndGlobalSection
	GlobalSection(ProjectConfigurationPlatforms) = postSolution
		{841E652F-101A-469A-B44C-2CF7D90758B4}.Debug|ARM.ActiveCfg = Debug|ARM
		{841E652F-101A-469A-B44C-2CF7D90758B4}.Debug|ARM.Build.0 = Debug|ARM
		{841E652F-101A-469A-B44C-2CF7D90758B4}.Release|ARM.ActiveCfg = Release|ARM
		{841E652F-101A-469A-B44C-2CF7D90758B4}.Release|ARM.Build.0 = Release|ARM
	EndGlobalSection
	GlobalSection(SolutionProperties) = preSolution
		HideSolutionNode = FALSE
	EndGlobalSection
EndGlobal
